# THIS IS AN AUTOGENERATED FILE. DO NOT EDIT THIS FILE DIRECTLY.
# yarn lockfile v1


"@esbuild/android-arm64@0.18.15":
  version "0.18.15"
  resolved "https://registry.yarnpkg.com/@esbuild/android-arm64/-/android-arm64-0.18.15.tgz#abbe87b815d2f95ec749ffb4eba65d7d5343411f"
  integrity sha512-NI/gnWcMl2kXt1HJKOn2H69SYn4YNheKo6NZt1hyfKWdMbaGadxjZIkcj4Gjk/WPxnbFXs9/3HjGHaknCqjrww==

"@esbuild/android-arm@0.18.15":
  version "0.18.15"
  resolved "https://registry.yarnpkg.com/@esbuild/android-arm/-/android-arm-0.18.15.tgz#6afedd79c68d5d4d1e434e20a9ab620bb5849372"
  integrity sha512-wlkQBWb79/jeEEoRmrxt/yhn5T1lU236OCNpnfRzaCJHZ/5gf82uYx1qmADTBWE0AR/v7FiozE1auk2riyQd3w==

"@esbuild/android-x64@0.18.15":
  version "0.18.15"
  resolved "https://registry.yarnpkg.com/@esbuild/android-x64/-/android-x64-0.18.15.tgz#cdd886a58748b1584ad72d960c446fa958c11ab3"
  integrity sha512-FM9NQamSaEm/IZIhegF76aiLnng1kEsZl2eve/emxDeReVfRuRNmvT28l6hoFD9TsCxpK+i4v8LPpEj74T7yjA==

"@esbuild/darwin-arm64@0.18.15":
  version "0.18.15"
  resolved "https://registry.yarnpkg.com/@esbuild/darwin-arm64/-/darwin-arm64-0.18.15.tgz#648b124a6a63022adb5b0cf441e264e8f5ba4af2"
  integrity sha512-XmrFwEOYauKte9QjS6hz60FpOCnw4zaPAb7XV7O4lx1r39XjJhTN7ZpXqJh4sN6q60zbP6QwAVVA8N/wUyBH/w==

"@esbuild/darwin-x64@0.18.15":
  version "0.18.15"
  resolved "https://registry.yarnpkg.com/@esbuild/darwin-x64/-/darwin-x64-0.18.15.tgz#91cd2601c1604d123454d325e6b24fb6438350cf"
  integrity sha512-bMqBmpw1e//7Fh5GLetSZaeo9zSC4/CMtrVFdj+bqKPGJuKyfNJ5Nf2m3LknKZTS+Q4oyPiON+v3eaJ59sLB5A==

"@esbuild/freebsd-arm64@0.18.15":
  version "0.18.15"
  resolved "https://registry.yarnpkg.com/@esbuild/freebsd-arm64/-/freebsd-arm64-0.18.15.tgz#575940b0fc2f52833de4f6360445586742a8ff8b"
  integrity sha512-LoTK5N3bOmNI9zVLCeTgnk5Rk0WdUTrr9dyDAQGVMrNTh9EAPuNwSTCgaKOKiDpverOa0htPcO9NwslSE5xuLA==

"@esbuild/freebsd-x64@0.18.15":
  version "0.18.15"
  resolved "https://registry.yarnpkg.com/@esbuild/freebsd-x64/-/freebsd-x64-0.18.15.tgz#09694fc601dd8d3263a1075977ee7d3488514ef8"
  integrity sha512-62jX5n30VzgrjAjOk5orYeHFq6sqjvsIj1QesXvn5OZtdt5Gdj0vUNJy9NIpjfdNdqr76jjtzBJKf+h2uzYuTQ==

"@esbuild/linux-arm64@0.18.15":
  version "0.18.15"
  resolved "https://registry.yarnpkg.com/@esbuild/linux-arm64/-/linux-arm64-0.18.15.tgz#2f5d226b024964f2b5b6bce7c874a8ad31785fa2"
  integrity sha512-BWncQeuWDgYv0jTNzJjaNgleduV4tMbQjmk/zpPh/lUdMcNEAxy+jvneDJ6RJkrqloG7tB9S9rCrtfk/kuplsQ==

"@esbuild/linux-arm@0.18.15":
  version "0.18.15"
  resolved "https://registry.yarnpkg.com/@esbuild/linux-arm/-/linux-arm-0.18.15.tgz#172331fc66bbe89ba96e5e2ad583b2faa132d85c"
  integrity sha512-dT4URUv6ir45ZkBqhwZwyFV6cH61k8MttIwhThp2BGiVtagYvCToF+Bggyx2VI57RG4Fbt21f9TmXaYx0DeUJg==

"@esbuild/linux-ia32@0.18.15":
  version "0.18.15"
  resolved "https://registry.yarnpkg.com/@esbuild/linux-ia32/-/linux-ia32-0.18.15.tgz#fa797051131ee5f46d70c65a7edd14b6230cfc2f"
  integrity sha512-JPXORvgHRHITqfms1dWT/GbEY89u848dC08o0yK3fNskhp0t2TuNUnsrrSgOdH28ceb1hJuwyr8R/1RnyPwocw==

"@esbuild/linux-loong64@0.18.15":
  version "0.18.15"
  resolved "https://registry.yarnpkg.com/@esbuild/linux-loong64/-/linux-loong64-0.18.15.tgz#aeae1fa3d92b1486a91c0cb1cfd9c0ebe9168de4"
  integrity sha512-kArPI0DopjJCEplsVj/H+2Qgzz7vdFSacHNsgoAKpPS6W/Ndh8Oe24HRDQ5QCu4jHgN6XOtfFfLpRx3TXv/mEg==

"@esbuild/linux-mips64el@0.18.15":
  version "0.18.15"
  resolved "https://registry.yarnpkg.com/@esbuild/linux-mips64el/-/linux-mips64el-0.18.15.tgz#b63cfe356c33807c4d8ee5a75452922e98502073"
  integrity sha512-b/tmngUfO02E00c1XnNTw/0DmloKjb6XQeqxaYuzGwHe0fHVgx5/D6CWi+XH1DvkszjBUkK9BX7n1ARTOst59w==

"@esbuild/linux-ppc64@0.18.15":
  version "0.18.15"
  resolved "https://registry.yarnpkg.com/@esbuild/linux-ppc64/-/linux-ppc64-0.18.15.tgz#7dcb394e69cb47e4dc8a5960dd58b1a273d07f5d"
  integrity sha512-KXPY69MWw79QJkyvUYb2ex/OgnN/8N/Aw5UDPlgoRtoEfcBqfeLodPr42UojV3NdkoO4u10NXQdamWm1YEzSKw==

"@esbuild/linux-riscv64@0.18.15":
  version "0.18.15"
  resolved "https://registry.yarnpkg.com/@esbuild/linux-riscv64/-/linux-riscv64-0.18.15.tgz#fdfb9cf23b50d33112315e3194b9e16f7abf6c30"
  integrity sha512-komK3NEAeeGRnvFEjX1SfVg6EmkfIi5aKzevdvJqMydYr9N+pRQK0PGJXk+bhoPZwOUgLO4l99FZmLGk/L1jWg==

"@esbuild/linux-s390x@0.18.15":
  version "0.18.15"
  resolved "https://registry.yarnpkg.com/@esbuild/linux-s390x/-/linux-s390x-0.18.15.tgz#ce608d95989a502878d7cb1167df791e45268011"
  integrity sha512-632T5Ts6gQ2WiMLWRRyeflPAm44u2E/s/TJvn+BP6M5mnHSk93cieaypj3VSMYO2ePTCRqAFXtuYi1yv8uZJNA==

"@esbuild/linux-x64@0.18.15":
  version "0.18.15"
  resolved "https://registry.yarnpkg.com/@esbuild/linux-x64/-/linux-x64-0.18.15.tgz#49bbba5607702709f63b41906b4f1bcc44cf2f8e"
  integrity sha512-MsHtX0NgvRHsoOtYkuxyk4Vkmvk3PLRWfA4okK7c+6dT0Fu4SUqXAr9y4Q3d8vUf1VWWb6YutpL4XNe400iQ1g==

"@esbuild/netbsd-x64@0.18.15":
  version "0.18.15"
  resolved "https://registry.yarnpkg.com/@esbuild/netbsd-x64/-/netbsd-x64-0.18.15.tgz#08b5ccaf027c7e2174b9a19c29bebfe59dce1cfb"
  integrity sha512-djST6s+jQiwxMIVQ5rlt24JFIAr4uwUnzceuFL7BQT4CbrRtqBPueS4GjXSiIpmwVri1Icj/9pFRJ7/aScvT+A==

"@esbuild/openbsd-x64@0.18.15":
  version "0.18.15"
  resolved "https://registry.yarnpkg.com/@esbuild/openbsd-x64/-/openbsd-x64-0.18.15.tgz#38ec4223ebab562f0a89ffe20a40f05d500f89f0"
  integrity sha512-naeRhUIvhsgeounjkF5mvrNAVMGAm6EJWiabskeE5yOeBbLp7T89tAEw0j5Jm/CZAwyLe3c67zyCWH6fsBLCpw==

"@esbuild/sunos-x64@0.18.15":
  version "0.18.15"
  resolved "https://registry.yarnpkg.com/@esbuild/sunos-x64/-/sunos-x64-0.18.15.tgz#dbbebf641957a54b77f39ca9b10b0b38586799ba"
  integrity sha512-qkT2+WxyKbNIKV1AEhI8QiSIgTHMcRctzSaa/I3kVgMS5dl3fOeoqkb7pW76KwxHoriImhx7Mg3TwN/auMDsyQ==

"@esbuild/win32-arm64@0.18.15":
  version "0.18.15"
  resolved "https://registry.yarnpkg.com/@esbuild/win32-arm64/-/win32-arm64-0.18.15.tgz#7f15fe5d14b9b24eb18ca211ad92e0f5df92a18b"
  integrity sha512-HC4/feP+pB2Vb+cMPUjAnFyERs+HJN7E6KaeBlFdBv799MhD+aPJlfi/yk36SED58J9TPwI8MAcVpJgej4ud0A==

"@esbuild/win32-ia32@0.18.15":
  version "0.18.15"
  resolved "https://registry.yarnpkg.com/@esbuild/win32-ia32/-/win32-ia32-0.18.15.tgz#a6609735a4a5e8fbdeb045720bc8be46825566fa"
  integrity sha512-ovjwoRXI+gf52EVF60u9sSDj7myPixPxqzD5CmkEUmvs+W9Xd0iqISVBQn8xcx4ciIaIVlWCuTbYDOXOnOL44Q==

"@esbuild/win32-x64@0.18.15":
  version "0.18.15"
  resolved "https://registry.yarnpkg.com/@esbuild/win32-x64/-/win32-x64-0.18.15.tgz#41ee66253566124cc44bce1b4c760a87d9f5bf1d"
  integrity sha512-imUxH9a3WJARyAvrG7srLyiK73XdX83NXQkjKvQ+7vPh3ZxoLrzvPkQKKw2DwZ+RV2ZB6vBfNHP8XScAmQC3aA==

esbuild@^0.18.10:
  version "0.18.15"
  resolved "https://registry.yarnpkg.com/esbuild/-/esbuild-0.18.15.tgz#5b5c1a22e608afd5675f82ad466c4d2cfd723f85"
  integrity sha512-3WOOLhrvuTGPRzQPU6waSDWrDTnQriia72McWcn6UCi43GhCHrXH4S59hKMeez+IITmdUuUyvbU9JIp+t3xlPQ==
  optionalDependencies:
    "@esbuild/android-arm" "0.18.15"
    "@esbuild/android-arm64" "0.18.15"
    "@esbuild/android-x64" "0.18.15"
    "@esbuild/darwin-arm64" "0.18.15"
    "@esbuild/darwin-x64" "0.18.15"
    "@esbuild/freebsd-arm64" "0.18.15"
    "@esbuild/freebsd-x64" "0.18.15"
    "@esbuild/linux-arm" "0.18.15"
    "@esbuild/linux-arm64" "0.18.15"
    "@esbuild/linux-ia32" "0.18.15"
    "@esbuild/linux-loong64" "0.18.15"
    "@esbuild/linux-mips64el" "0.18.15"
    "@esbuild/linux-ppc64" "0.18.15"
    "@esbuild/linux-riscv64" "0.18.15"
    "@esbuild/linux-s390x" "0.18.15"
    "@esbuild/linux-x64" "0.18.15"
    "@esbuild/netbsd-x64" "0.18.15"
    "@esbuild/openbsd-x64" "0.18.15"
    "@esbuild/sunos-x64" "0.18.15"
    "@esbuild/win32-arm64" "0.18.15"
    "@esbuild/win32-ia32" "0.18.15"
    "@esbuild/win32-x64" "0.18.15"

fsevents@~2.3.2:
  version "2.3.2"
  resolved "https://registry.yarnpkg.com/fsevents/-/fsevents-2.3.2.tgz#8a526f78b8fdf4623b709e0b975c52c24c02fd1a"
  integrity sha512-xiqMQR4xAeHTuB9uWm+fFRcIOgKBMiOBP+eXiyT7jsgVCq1bkVygt00oASowB7EdtpOHaaPgKt812P9ab+DDKA==

nanoid@^3.3.6:
  version "3.3.6"
  resolved "https://registry.yarnpkg.com/nanoid/-/nanoid-3.3.6.tgz#443380c856d6e9f9824267d960b4236ad583ea4c"
  integrity sha512-BGcqMMJuToF7i1rt+2PWSNVnWIkGCU78jBG3RxO/bZlnZPK2Cmi2QaffxGO/2RvWi9sL+FAiRiXMgsyxQ1DIDA==

picocolors@^1.0.0:
  version "1.0.0"
  resolved "https://registry.yarnpkg.com/picocolors/-/picocolors-1.0.0.tgz#cb5bdc74ff3f51892236eaf79d68bc44564ab81c"
  integrity sha512-1fygroTLlHu66zi26VoTDv8yRgm0Fccecssto+MhsZ0D/DGW2sm8E8AjW7NU5VVTRt5GxbeZ5qBuJr+HyLYkjQ==

postcss@^8.4.25:
  version "8.4.26"
  resolved "https://registry.yarnpkg.com/postcss/-/postcss-8.4.26.tgz#1bc62ab19f8e1e5463d98cf74af39702a00a9e94"
  integrity sha512-jrXHFF8iTloAenySjM/ob3gSj7pCu0Ji49hnjqzsgSRa50hkWCKD0HQ+gMNJkW38jBI68MpAAg7ZWwHwX8NMMw==
  dependencies:
    nanoid "^3.3.6"
    picocolors "^1.0.0"
    source-map-js "^1.0.2"

rollup@^3.25.2:
  version "3.26.3"
  resolved "https://registry.yarnpkg.com/rollup/-/rollup-3.26.3.tgz#bbc8818cadd0aebca348dbb3d68d296d220967b8"
  integrity sha512-7Tin0C8l86TkpcMtXvQu6saWH93nhG3dGQ1/+l5V2TDMceTxO7kDiK6GzbfLWNNxqJXm591PcEZUozZm51ogwQ==
  optionalDependencies:
    fsevents "~2.3.2"

source-map-js@^1.0.2:
  version "1.0.2"
  resolved "https://registry.yarnpkg.com/source-map-js/-/source-map-js-1.0.2.tgz#adbc361d9c62df380125e7f161f71c826f1e490c"
  integrity sha512-R0XvVJ9WusLiqTCEiGCmICCMplcCkIwwR11mOSD9CR5u+IXYdiseeEuXCVAjS54zqwkLcPNnmU4OeJ6tUrWhDw==

vite@^4.4.4:
  version "4.4.4"
  resolved "https://registry.yarnpkg.com/vite/-/vite-4.4.4.tgz#b76e6049c0e080cb54e735ad2d18287753752118"
  integrity sha512-4mvsTxjkveWrKDJI70QmelfVqTm+ihFAb6+xf4sjEU2TmUCTlVX87tmg/QooPEMQb/lM9qGHT99ebqPziEd3wg==
  dependencies:
    esbuild "^0.18.10"
    postcss "^8.4.25"
    rollup "^3.25.2"
  optionalDependencies:
    fsevents "~2.3.2"
